
Microsoft Visual Studio Solution File, Format Version 12.00
# Visual Studio Version 16
VisualStudioVersion = 16.0.30320.27
MinimumVisualStudioVersion = 10.0.40219.1
Project("{FAE04EC0-301F-11D3-BF4B-00C04F79EFBC}") = "DSCWEB", "DSCWEB\DSCWEB.csproj", "{79A6F2C9-F601-497B-B248-D4A2A75E4EF4}"
EndProject
Global
	GlobalSection(SolutionConfigurationPlatforms) = preSolution
		Debug|Any CPU = Debug|Any CPU
		Release|Any CPU = Release|Any CPU
	EndGlobalSection
	GlobalSection(ProjectConfigurationPlatforms) = postSolution
		{79A6F2C9-F601-497B-B248-D4A2A75E4EF4}.Debug|Any CPU.ActiveCfg = Debug|Any CPU
		{79A6F2C9-F601-497B-B248-D4A2A75E4EF4}.Debug|Any CPU.Build.0 = Debug|Any CPU
		{79A6F2C9-F601-497B-B248-D4A2A75E4EF4}.Release|Any CPU.ActiveCfg = Release|Any CPU
		{79A6F2C9-F601-497B-B248-D4A2A75E4EF4}.Release|Any CPU.Build.0 = Release|Any CPU
	EndGlobalSection
	GlobalSection(SolutionProperties) = preSolution
		HideSolutionNode = FALSE
	EndGlobalSection
	GlobalSection(ExtensibilityGlobals) = postSolution
		SolutionGuid = {37E6C443-E7E2-4CAC-8B44-5E8EE2F70B76}
	EndGlobalSection
EndGlobal
